
Microsoft Visual Studio Solution File, Format Version 12.00
# Visual Studio Version 16
VisualStudioVersion = 16.0.31613.86
MinimumVisualStudioVersion = 10.0.40219.1
Project("{FAE04EC0-301F-11D3-BF4B-00C04F79EFBC}") = "chess", "chess\chess.csproj", "{3A855507-E148-443C-B1AA-59FCF13CAFC0}"
EndProject
Global
	GlobalSection(SolutionConfigurationPlatforms) = preSolution
		Debug|Any CPU = Debug|Any CPU
		Release|Any CPU = Release|Any CPU
	EndGlobalSection
	GlobalSection(ProjectConfigurationPlatforms) = postSolution
		{3A855507-E148-443C-B1AA-59FCF13CAFC0}.Debug|Any CPU.ActiveCfg = Debug|Any CPU
		{3A855507-E148-443C-B1AA-59FCF13CAFC0}.Debug|Any CPU.Build.0 = Debug|Any CPU
		{3A855507-E148-443C-B1AA-59FCF13CAFC0}.Release|Any CPU.ActiveCfg = Release|Any CPU
		{3A855507-E148-443C-B1AA-59FCF13CAFC0}.Release|Any CPU.Build.0 = Release|Any CPU
	EndGlobalSection
	GlobalSection(SolutionProperties) = preSolution
		HideSolutionNode = FALSE
	EndGlobalSection
	GlobalSection(ExtensibilityGlobals) = postSolution
		SolutionGuid = {C80C6323-71C0-42D5-9B5C-5F84F759958D}
	EndGlobalSection
EndGlobal
