
Microsoft Visual Studio Solution File, Format Version 12.00
# Visual Studio Version 16
VisualStudioVersion = 16.0.31702.278
MinimumVisualStudioVersion = 10.0.40219.1
Project("{FAE04EC0-301F-11D3-BF4B-00C04F79EFBC}") = "DemoForGihub", "DemoForGihub\DemoForGihub.csproj", "{541204E7-EA46-4EBC-8997-8C86991814C7}"
EndProject
Global
	GlobalSection(SolutionConfigurationPlatforms) = preSolution
		Debug|Any CPU = Debug|Any CPU
		Release|Any CPU = Release|Any CPU
	EndGlobalSection
	GlobalSection(ProjectConfigurationPlatforms) = postSolution
		{541204E7-EA46-4EBC-8997-8C86991814C7}.Debug|Any CPU.ActiveCfg = Debug|Any CPU
		{541204E7-EA46-4EBC-8997-8C86991814C7}.Debug|Any CPU.Build.0 = Debug|Any CPU
		{541204E7-EA46-4EBC-8997-8C86991814C7}.Release|Any CPU.ActiveCfg = Release|Any CPU
		{541204E7-EA46-4EBC-8997-8C86991814C7}.Release|Any CPU.Build.0 = Release|Any CPU
	EndGlobalSection
	GlobalSection(SolutionProperties) = preSolution
		HideSolutionNode = FALSE
	EndGlobalSection
	GlobalSection(ExtensibilityGlobals) = postSolution
		SolutionGuid = {89F28C2B-CA50-4AD4-9A30-CDCC35352FB3}
	EndGlobalSection
EndGlobal
