
Microsoft Visual Studio Solution File, Format Version 12.00
# Visual Studio Version 16
VisualStudioVersion = 16.0.31613.86
MinimumVisualStudioVersion = 10.0.40219.1
Project("{FAE04EC0-301F-11D3-BF4B-00C04F79EFBC}") = "guss", "guss\guss.csproj", "{EF2FC2B8-342C-4FA7-BF8C-7BC87867E970}"
EndProject
Global
	GlobalSection(SolutionConfigurationPlatforms) = preSolution
		Debug|Any CPU = Debug|Any CPU
		Release|Any CPU = Release|Any CPU
	EndGlobalSection
	GlobalSection(ProjectConfigurationPlatforms) = postSolution
		{EF2FC2B8-342C-4FA7-BF8C-7BC87867E970}.Debug|Any CPU.ActiveCfg = Debug|Any CPU
		{EF2FC2B8-342C-4FA7-BF8C-7BC87867E970}.Debug|Any CPU.Build.0 = Debug|Any CPU
		{EF2FC2B8-342C-4FA7-BF8C-7BC87867E970}.Release|Any CPU.ActiveCfg = Release|Any CPU
		{EF2FC2B8-342C-4FA7-BF8C-7BC87867E970}.Release|Any CPU.Build.0 = Release|Any CPU
	EndGlobalSection
	GlobalSection(SolutionProperties) = preSolution
		HideSolutionNode = FALSE
	EndGlobalSection
	GlobalSection(ExtensibilityGlobals) = postSolution
		SolutionGuid = {1EF5415A-306D-4971-9546-80CAF5CC7B9F}
	EndGlobalSection
EndGlobal
