
Microsoft Visual Studio Solution File, Format Version 12.00
# Visual Studio Version 16
VisualStudioVersion = 16.0.31702.278
MinimumVisualStudioVersion = 10.0.40219.1
Project("{FAE04EC0-301F-11D3-BF4B-00C04F79EFBC}") = "Deom", "Deom\Deom.csproj", "{DC4A84AD-1E14-4A8E-A32D-211D0C47F84E}"
EndProject
Global
	GlobalSection(SolutionConfigurationPlatforms) = preSolution
		Debug|Any CPU = Debug|Any CPU
		Release|Any CPU = Release|Any CPU
	EndGlobalSection
	GlobalSection(ProjectConfigurationPlatforms) = postSolution
		{DC4A84AD-1E14-4A8E-A32D-211D0C47F84E}.Debug|Any CPU.ActiveCfg = Debug|Any CPU
		{DC4A84AD-1E14-4A8E-A32D-211D0C47F84E}.Debug|Any CPU.Build.0 = Debug|Any CPU
		{DC4A84AD-1E14-4A8E-A32D-211D0C47F84E}.Release|Any CPU.ActiveCfg = Release|Any CPU
		{DC4A84AD-1E14-4A8E-A32D-211D0C47F84E}.Release|Any CPU.Build.0 = Release|Any CPU
	EndGlobalSection
	GlobalSection(SolutionProperties) = preSolution
		HideSolutionNode = FALSE
	EndGlobalSection
	GlobalSection(ExtensibilityGlobals) = postSolution
		SolutionGuid = {4E7D33D5-03D4-4236-B2B7-81368BE2EEC4}
	EndGlobalSection
EndGlobal
